{
  "name": "portfolio-recap",
  "version": "1.0.0",
  "lockfileVersion": 3,
  "requires": true,
  "packages": {
    "": {
      "name": "portfolio-recap",
      "version": "1.0.0",
      "license": "ISC",
      "dependencies": {
        "@decommas/sdk": "^1.8.0",
        "dotenv": "^16.4.1",
        "nodemailer": "^6.9.9"
      },
      "devDependencies": {
        "prettier": "3.2.5"
      }
    },
    "node_modules/@decommas/sdk": {
      "version": "1.8.0",
      "resolved": "https://registry.npmjs.org/@decommas/sdk/-/sdk-1.8.0.tgz",
      "integrity": "sha512-6AX/E4z6PJR9JhnDtpQELmb0MMBOLxm9+uE8Cwhnz10K2h0+2X2dp33VwoPhcVOym0pbUMDMLhtopju+EPPq3w==",
      "engines": {
        "node": ">=18.0.0"
      }
    },
    "node_modules/dotenv": {
      "version": "16.4.1",
      "resolved": "https://registry.npmjs.org/dotenv/-/dotenv-16.4.1.tgz",
      "integrity": "sha512-CjA3y+Dr3FyFDOAMnxZEGtnW9KBR2M0JvvUtXNW+dYJL5ROWxP9DUHCwgFqpMk0OXCc0ljhaNTr2w/kutYIcHQ==",
      "engines": {
        "node": ">=12"
      },
      "funding": {
        "url": "https://github.com/motdotla/dotenv?sponsor=1"
      }
    },
    "node_modules/nodemailer": {
      "version": "6.9.9",
      "resolved": "https://registry.npmjs.org/nodemailer/-/nodemailer-6.9.9.tgz",
      "integrity": "sha512-dexTll8zqQoVJEZPwQAKzxxtFn0qTnjdQTchoU6Re9BUUGBJiOy3YMn/0ShTW6J5M0dfQ1NeDeRTTl4oIWgQMA==",
      "engines": {
        "node": ">=6.0.0"
      }
    },
    "node_modules/prettier": {
      "version": "3.2.5",
      "resolved": "https://registry.npmjs.org/prettier/-/prettier-3.2.5.tgz",
      "integrity": "sha512-3/GWa9aOC0YeD7LUfvOG2NiDyhOWRvt1k+rcKhOuYnMY24iiCphgneUfJDyFXd6rZCAnuLBv6UeAULtrhT/F4A==",
      "dev": true,
      "bin": {
        "prettier": "bin/prettier.cjs"
      },
      "engines": {
        "node": ">=14"
      },
      "funding": {
        "url": "https://github.com/prettier/prettier?sponsor=1"
      }
    }
  }
}
